{
  "lib/openzeppelin-contracts": {
    "tag": {
      "name": "v5.4.0",
      "rev": "c64a1edb67b6e3f4a15cca8909c9482ad33a02b0"
    }
  },
  "lib/uniswap-hooks": {
    "tag": {
      "name": "v1.2.0",
      "rev": "a93376b4874c6c3d3ba1765ddd9a2fda5f97c7fe"
    }
  },
  "lib/universal-router": {
    "tag": {
      "name": "v1.6.0",
      "rev": "41183d6eb154f0ab0e74a0e911a5ef9ea51fc4bd"
    }
  },
  "lib/v2-core": {
    "tag": {
      "name": "v1.0.1",
      "rev": "4dd59067c76dea4a0e8e4bfdda41877a6b16dedc"
    }
  },
  "lib/v3-core": {
    "tag": {
      "name": "v1.0.0",
      "rev": "e3589b192d0be27e100cd0daaf6c97204fdb1899"
    }
  }
}